
Microsoft Visual Studio Solution File, Format Version 12.00
# Visual Studio Version 17
VisualStudioVersion = 17.12.35527.113
MinimumVisualStudioVersion = 10.0.40219.1
Project("{FAE04EC0-301F-11D3-BF4B-00C04F79EFBC}") = "LibLiveVpn-Backend.Domain", "LibLiveVpn-Backend.Domain\LibLiveVpn-Backend.Domain.csproj", "{656CF303-B118-4D99-BD21-1025DDD88378}"
EndProject
Project("{FAE04EC0-301F-11D3-BF4B-00C04F79EFBC}") = "LibLiveVpn-Backend.API", "LibLiveVpn-Backend.API\LibLiveVpn-Backend.API.csproj", "{788EA5B6-5278-4350-8787-065D847B7573}"
EndProject
Project("{FAE04EC0-301F-11D3-BF4B-00C04F79EFBC}") = "LibLiveVpn-Backend.Application", "LibLiveVpn-Backend.Application\LibLiveVpn-Backend.Application.csproj", "{FA40A3F6-01D0-4232-99EE-189E01CD3DBD}"
EndProject
Project("{FAE04EC0-301F-11D3-BF4B-00C04F79EFBC}") = "LibLiveVpn-Backend.API.Tests", "LibLiveVpn-Backend.API.Tests\LibLiveVpn-Backend.API.Tests.csproj", "{C74CCB32-A374-44F3-AA13-5EEAFF54DC4C}"
EndProject
Project("{2150E333-8FDC-42A3-9474-1A3956D46DE8}") = "Core", "Core", "{22C4797D-6A82-49AE-A2ED-6F7B54A3FA64}"
EndProject
Project("{2150E333-8FDC-42A3-9474-1A3956D46DE8}") = "Presentation", "Presentation", "{A8315B54-BF26-4E1F-95A3-44A28F2F203F}"
EndProject
Project("{2150E333-8FDC-42A3-9474-1A3956D46DE8}") = "Tests", "Tests", "{FF5009A3-E127-442B-834C-655655618E7F}"
EndProject
Project("{2150E333-8FDC-42A3-9474-1A3956D46DE8}") = "Infrastructure", "Infrastructure", "{655C5812-FD42-483B-9CAA-6F80261F40EC}"
EndProject
Project("{FAE04EC0-301F-11D3-BF4B-00C04F79EFBC}") = "LibLiveVpn-Backend.Persistence", "LibLiveVpn-Backend.Persistence\LibLiveVpn-Backend.Persistence.csproj", "{5E6E15E9-91F4-4A32-9C41-9EE0AF9EA3C9}"
EndProject
Global
	GlobalSection(SolutionConfigurationPlatforms) = preSolution
		Debug|Any CPU = Debug|Any CPU
		Release|Any CPU = Release|Any CPU
	EndGlobalSection
	GlobalSection(ProjectConfigurationPlatforms) = postSolution
		{656CF303-B118-4D99-BD21-1025DDD88378}.Debug|Any CPU.ActiveCfg = Debug|Any CPU
		{656CF303-B118-4D99-BD21-1025DDD88378}.Debug|Any CPU.Build.0 = Debug|Any CPU
		{656CF303-B118-4D99-BD21-1025DDD88378}.Release|Any CPU.ActiveCfg = Release|Any CPU
		{656CF303-B118-4D99-BD21-1025DDD88378}.Release|Any CPU.Build.0 = Release|Any CPU
		{788EA5B6-5278-4350-8787-065D847B7573}.Debug|Any CPU.ActiveCfg = Debug|Any CPU
		{788EA5B6-5278-4350-8787-065D847B7573}.Debug|Any CPU.Build.0 = Debug|Any CPU
		{788EA5B6-5278-4350-8787-065D847B7573}.Release|Any CPU.ActiveCfg = Release|Any CPU
		{788EA5B6-5278-4350-8787-065D847B7573}.Release|Any CPU.Build.0 = Release|Any CPU
		{FA40A3F6-01D0-4232-99EE-189E01CD3DBD}.Debug|Any CPU.ActiveCfg = Debug|Any CPU
		{FA40A3F6-01D0-4232-99EE-189E01CD3DBD}.Debug|Any CPU.Build.0 = Debug|Any CPU
		{FA40A3F6-01D0-4232-99EE-189E01CD3DBD}.Release|Any CPU.ActiveCfg = Release|Any CPU
		{FA40A3F6-01D0-4232-99EE-189E01CD3DBD}.Release|Any CPU.Build.0 = Release|Any CPU
		{C74CCB32-A374-44F3-AA13-5EEAFF54DC4C}.Debug|Any CPU.ActiveCfg = Debug|Any CPU
		{C74CCB32-A374-44F3-AA13-5EEAFF54DC4C}.Debug|Any CPU.Build.0 = Debug|Any CPU
		{C74CCB32-A374-44F3-AA13-5EEAFF54DC4C}.Release|Any CPU.ActiveCfg = Release|Any CPU
		{C74CCB32-A374-44F3-AA13-5EEAFF54DC4C}.Release|Any CPU.Build.0 = Release|Any CPU
		{5E6E15E9-91F4-4A32-9C41-9EE0AF9EA3C9}.Debug|Any CPU.ActiveCfg = Debug|Any CPU
		{5E6E15E9-91F4-4A32-9C41-9EE0AF9EA3C9}.Debug|Any CPU.Build.0 = Debug|Any CPU
		{5E6E15E9-91F4-4A32-9C41-9EE0AF9EA3C9}.Release|Any CPU.ActiveCfg = Release|Any CPU
		{5E6E15E9-91F4-4A32-9C41-9EE0AF9EA3C9}.Release|Any CPU.Build.0 = Release|Any CPU
	EndGlobalSection
	GlobalSection(SolutionProperties) = preSolution
		HideSolutionNode = FALSE
	EndGlobalSection
	GlobalSection(NestedProjects) = preSolution
		{656CF303-B118-4D99-BD21-1025DDD88378} = {22C4797D-6A82-49AE-A2ED-6F7B54A3FA64}
		{788EA5B6-5278-4350-8787-065D847B7573} = {A8315B54-BF26-4E1F-95A3-44A28F2F203F}
		{FA40A3F6-01D0-4232-99EE-189E01CD3DBD} = {22C4797D-6A82-49AE-A2ED-6F7B54A3FA64}
		{C74CCB32-A374-44F3-AA13-5EEAFF54DC4C} = {FF5009A3-E127-442B-834C-655655618E7F}
		{5E6E15E9-91F4-4A32-9C41-9EE0AF9EA3C9} = {655C5812-FD42-483B-9CAA-6F80261F40EC}
	EndGlobalSection
EndGlobal
